
Microsoft Visual Studio Solution File, Format Version 12.00
# Visual Studio Version 17
VisualStudioVersion = 17.4.33213.308
MinimumVisualStudioVersion = 10.0.40219.1
Project("{FAE04EC0-301F-11D3-BF4B-00C04F79EFBC}") = "My_First_App", "My_First_App\My_First_App.csproj", "{EFEFDACD-A96C-4F2C-BC7F-5E3D7BB134CB}"
EndProject
Global
	GlobalSection(SolutionConfigurationPlatforms) = preSolution
		Debug|Any CPU = Debug|Any CPU
		Release|Any CPU = Release|Any CPU
	EndGlobalSection
	GlobalSection(ProjectConfigurationPlatforms) = postSolution
		{EFEFDACD-A96C-4F2C-BC7F-5E3D7BB134CB}.Debug|Any CPU.ActiveCfg = Debug|Any CPU
		{EFEFDACD-A96C-4F2C-BC7F-5E3D7BB134CB}.Debug|Any CPU.Build.0 = Debug|Any CPU
		{EFEFDACD-A96C-4F2C-BC7F-5E3D7BB134CB}.Release|Any CPU.ActiveCfg = Release|Any CPU
		{EFEFDACD-A96C-4F2C-BC7F-5E3D7BB134CB}.Release|Any CPU.Build.0 = Release|Any CPU
	EndGlobalSection
	GlobalSection(SolutionProperties) = preSolution
		HideSolutionNode = FALSE
	EndGlobalSection
	GlobalSection(ExtensibilityGlobals) = postSolution
		SolutionGuid = {E0F5742F-5C62-4294-AE09-BB3985E61165}
	EndGlobalSection
EndGlobal
